{
  "name": "maps",
  "lockfileVersion": 2,
  "requires": true,
  "packages": {
    "": {
      "dependencies": {
        "@types/google.maps": "^3.50.2",
        "faker": "^5.5.3"
      },
      "devDependencies": {
        "@faker-js/faker": "^7.5.0",
        "@types/faker": "^6.6.9",
        "typescript": "^4.8.3"
      }
    },
    "node_modules/@faker-js/faker": {
      "version": "7.5.0",
      "resolved": "https://registry.npmjs.org/@faker-js/faker/-/faker-7.5.0.tgz",
      "integrity": "sha512-8wNUCCUHvfvI0gQpDUho/3gPzABffnCn5um65F8dzQ86zz6dlt4+nmAA7PQUc8L+eH+9RgR/qzy5N/8kN0Ozdw==",
      "dev": true,
      "engines": {
        "node": ">=14.0.0",
        "npm": ">=6.0.0"
      }
    },
    "node_modules/@types/faker": {
      "version": "6.6.9",
      "resolved": "https://registry.npmjs.org/@types/faker/-/faker-6.6.9.tgz",
      "integrity": "sha512-Y9YYm5L//8ooiiknO++4Gr539zzdI0j3aXnOBjo1Vk+kTvffY10GuE2wn78AFPECwZ5MYGTjiDVw1naLLdDimw==",
      "deprecated": "This is a stub types definition. faker provides its own type definitions, so you do not need this installed.",
      "dev": true,
      "dependencies": {
        "faker": "*"
      }
    },
    "node_modules/@types/google.maps": {
      "version": "3.50.2",
      "resolved": "https://registry.npmjs.org/@types/google.maps/-/google.maps-3.50.2.tgz",
      "integrity": "sha512-F47YMR1sdAVYk6mWab1J9CyO8J5QnCl62QGx9i87cTB2VW5/j2V5b/qgpXTvtUCg91PffirYKiAXlff/XTp+Zw=="
    },
    "node_modules/faker": {
      "version": "5.5.3",
      "resolved": "https://registry.npmjs.org/faker/-/faker-5.5.3.tgz",
      "integrity": "sha512-wLTv2a28wjUyWkbnX7u/ABZBkUkIF2fCd73V6P2oFqEGEktDfzWx4UxrSqtPRw0xPRAcjeAOIiJWqZm3pP4u3g=="
    },
    "node_modules/typescript": {
      "version": "4.8.3",
      "resolved": "https://registry.npmjs.org/typescript/-/typescript-4.8.3.tgz",
      "integrity": "sha512-goMHfm00nWPa8UvR/CPSvykqf6dVV8x/dp0c5mFTMTIu0u0FlGWRioyy7Nn0PGAdHxpJZnuO/ut+PpQ8UiHAig==",
      "dev": true,
      "bin": {
        "tsc": "bin/tsc",
        "tsserver": "bin/tsserver"
      },
      "engines": {
        "node": ">=4.2.0"
      }
    }
  },
  "dependencies": {
    "@faker-js/faker": {
      "version": "7.5.0",
      "resolved": "https://registry.npmjs.org/@faker-js/faker/-/faker-7.5.0.tgz",
      "integrity": "sha512-8wNUCCUHvfvI0gQpDUho/3gPzABffnCn5um65F8dzQ86zz6dlt4+nmAA7PQUc8L+eH+9RgR/qzy5N/8kN0Ozdw==",
      "dev": true
    },
    "@types/faker": {
      "version": "6.6.9",
      "resolved": "https://registry.npmjs.org/@types/faker/-/faker-6.6.9.tgz",
      "integrity": "sha512-Y9YYm5L//8ooiiknO++4Gr539zzdI0j3aXnOBjo1Vk+kTvffY10GuE2wn78AFPECwZ5MYGTjiDVw1naLLdDimw==",
      "dev": true,
      "requires": {
        "faker": "*"
      }
    },
    "@types/google.maps": {
      "version": "3.50.2",
      "resolved": "https://registry.npmjs.org/@types/google.maps/-/google.maps-3.50.2.tgz",
      "integrity": "sha512-F47YMR1sdAVYk6mWab1J9CyO8J5QnCl62QGx9i87cTB2VW5/j2V5b/qgpXTvtUCg91PffirYKiAXlff/XTp+Zw=="
    },
    "faker": {
      "version": "5.5.3",
      "resolved": "https://registry.npmjs.org/faker/-/faker-5.5.3.tgz",
      "integrity": "sha512-wLTv2a28wjUyWkbnX7u/ABZBkUkIF2fCd73V6P2oFqEGEktDfzWx4UxrSqtPRw0xPRAcjeAOIiJWqZm3pP4u3g=="
    },
    "typescript": {
      "version": "4.8.3",
      "resolved": "https://registry.npmjs.org/typescript/-/typescript-4.8.3.tgz",
      "integrity": "sha512-goMHfm00nWPa8UvR/CPSvykqf6dVV8x/dp0c5mFTMTIu0u0FlGWRioyy7Nn0PGAdHxpJZnuO/ut+PpQ8UiHAig==",
      "dev": true
    }
  }
}
